// !$*UTF8*$!
{
	archiveVersion = 1;
	classes = {
	};
	objectVersion = 46;
	objects = {

/* Begin PBXBuildFile section */
		C142239E1DBA479800D946E8 /* MapViewController.swift in Sources */ = {isa = PBXBuildFile; fileRef = C142239D1DBA479800D946E8 /* MapViewController.swift */; };
		C17B382B1DB3832F009D4ED6 /* AppDelegate.swift in Sources */ = {isa = PBXBuildFile; fileRef = C17B382A1DB3832F009D4ED6 /* AppDelegate.swift */; };
		C17B382D1DB3832F009D4ED6 /* LoginViewController.swift in Sources */ = {isa = PBXBuildFile; fileRef = C17B382C1DB3832F009D4ED6 /* LoginViewController.swift */; };
		C17B38301DB3832F009D4ED6 /* Main.storyboard in Resources */ = {isa = PBXBuildFile; fileRef = C17B382E1DB3832F009D4ED6 /* Main.storyboard */; };
		C17B38321DB3832F009D4ED6 /* Assets.xcassets in Resources */ = {isa = PBXBuildFile; fileRef = C17B38311DB3832F009D4ED6 /* Assets.xcassets */; };
		C17B38351DB3832F009D4ED6 /* LaunchScreen.storyboard in Resources */ = {isa = PBXBuildFile; fileRef = C17B38331DB3832F009D4ED6 /* LaunchScreen.storyboard */; };
		C17B38421DB385E7009D4ED6 /* GCDBlackBox.swift in Sources */ = {isa = PBXBuildFile; fileRef = C17B38411DB385E7009D4ED6 /* GCDBlackBox.swift */; };
		C17B38461DB39E4D009D4ED6 /* ParseConstants.swift in Sources */ = {isa = PBXBuildFile; fileRef = C17B38451DB39E4D009D4ED6 /* ParseConstants.swift */; };
		C17B38481DB39F38009D4ED6 /* StudentLocation.swift in Sources */ = {isa = PBXBuildFile; fileRef = C17B38471DB39F38009D4ED6 /* StudentLocation.swift */; };
		C17B384A1DB3A529009D4ED6 /* ParseClient.swift in Sources */ = {isa = PBXBuildFile; fileRef = C17B38491DB3A529009D4ED6 /* ParseClient.swift */; };
		C17B384D1DB3D8AC009D4ED6 /* UdacityConstants.swift in Sources */ = {isa = PBXBuildFile; fileRef = C17B384C1DB3D8AC009D4ED6 /* UdacityConstants.swift */; };
		C17B384F1DB3D8BD009D4ED6 /* UdacityClient.swift in Sources */ = {isa = PBXBuildFile; fileRef = C17B384E1DB3D8BD009D4ED6 /* UdacityClient.swift */; };
		C17B38511DB3E92D009D4ED6 /* UdacityConvenience.swift in Sources */ = {isa = PBXBuildFile; fileRef = C17B38501DB3E92D009D4ED6 /* UdacityConvenience.swift */; };
/* End PBXBuildFile section */

/* Begin PBXFileReference section */
		C142239D1DBA479800D946E8 /* MapViewController.swift */ = {isa = PBXFileReference; fileEncoding = 4; lastKnownFileType = sourcecode.swift; path = MapViewController.swift; sourceTree = "<group>"; };
		C17B38271DB3832F009D4ED6 /* On The Map.app */ = {isa = PBXFileReference; explicitFileType = wrapper.application; includeInIndex = 0; path = "On The Map.app"; sourceTree = BUILT_PRODUCTS_DIR; };
		C17B382A1DB3832F009D4ED6 /* AppDelegate.swift */ = {isa = PBXFileReference; lastKnownFileType = sourcecode.swift; path = AppDelegate.swift; sourceTree = "<group>"; };
		C17B382C1DB3832F009D4ED6 /* LoginViewController.swift */ = {isa = PBXFileReference; lastKnownFileType = sourcecode.swift; path = LoginViewController.swift; sourceTree = "<group>"; };
		C17B382F1DB3832F009D4ED6 /* Base */ = {isa = PBXFileReference; lastKnownFileType = file.storyboard; name = Base; path = Base.lproj/Main.storyboard; sourceTree = "<group>"; };
		C17B38311DB3832F009D4ED6 /* Assets.xcassets */ = {isa = PBXFileReference; lastKnownFileType = folder.assetcatalog; path = Assets.xcassets; sourceTree = "<group>"; };
		C17B38341DB3832F009D4ED6 /* Base */ = {isa = PBXFileReference; lastKnownFileType = file.storyboard; name = Base; path = Base.lproj/LaunchScreen.storyboard; sourceTree = "<group>"; };
		C17B38361DB3832F009D4ED6 /* Info.plist */ = {isa = PBXFileReference; lastKnownFileType = text.plist.xml; path = Info.plist; sourceTree = "<group>"; };
		C17B38411DB385E7009D4ED6 /* GCDBlackBox.swift */ = {isa = PBXFileReference; fileEncoding = 4; lastKnownFileType = sourcecode.swift; path = GCDBlackBox.swift; sourceTree = "<group>"; };
		C17B38451DB39E4D009D4ED6 /* ParseConstants.swift */ = {isa = PBXFileReference; fileEncoding = 4; lastKnownFileType = sourcecode.swift; path = ParseConstants.swift; sourceTree = "<group>"; };
		C17B38471DB39F38009D4ED6 /* StudentLocation.swift */ = {isa = PBXFileReference; fileEncoding = 4; lastKnownFileType = sourcecode.swift; path = StudentLocation.swift; sourceTree = "<group>"; };
		C17B38491DB3A529009D4ED6 /* ParseClient.swift */ = {isa = PBXFileReference; fileEncoding = 4; lastKnownFileType = sourcecode.swift; path = ParseClient.swift; sourceTree = "<group>"; };
		C17B384C1DB3D8AC009D4ED6 /* UdacityConstants.swift */ = {isa = PBXFileReference; fileEncoding = 4; lastKnownFileType = sourcecode.swift; path = UdacityConstants.swift; sourceTree = "<group>"; };
		C17B384E1DB3D8BD009D4ED6 /* UdacityClient.swift */ = {isa = PBXFileReference; fileEncoding = 4; lastKnownFileType = sourcecode.swift; path = UdacityClient.swift; sourceTree = "<group>"; };
		C17B38501DB3E92D009D4ED6 /* UdacityConvenience.swift */ = {isa = PBXFileReference; fileEncoding = 4; lastKnownFileType = sourcecode.swift; path = UdacityConvenience.swift; sourceTree = "<group>"; };
/* End PBXFileReference section */

/* Begin PBXFrameworksBuildPhase section */
		C17B38241DB3832F009D4ED6 /* Frameworks */ = {
			isa = PBXFrameworksBuildPhase;
			buildActionMask = 2147483647;
			files = (
			);
			runOnlyForDeploymentPostprocessing = 0;
		};
/* End PBXFrameworksBuildPhase section */

/* Begin PBXGroup section */
		C17B381E1DB3832F009D4ED6 = {
			isa = PBXGroup;
			children = (
				C17B38291DB3832F009D4ED6 /* On The Map */,
				C17B38281DB3832F009D4ED6 /* Products */,
			);
			sourceTree = "<group>";
		};
		C17B38281DB3832F009D4ED6 /* Products */ = {
			isa = PBXGroup;
			children = (
				C17B38271DB3832F009D4ED6 /* On The Map.app */,
			);
			name = Products;
			sourceTree = "<group>";
		};
		C17B38291DB3832F009D4ED6 /* On The Map */ = {
			isa = PBXGroup;
			children = (
				C17B382A1DB3832F009D4ED6 /* AppDelegate.swift */,
				C17B38401DB385B9009D4ED6 /* Supporting Files */,
				C17B383F1DB385A4009D4ED6 /* Assets */,
				C17B383E1DB38550009D4ED6 /* Controller */,
				C17B383D1DB3854A009D4ED6 /* View */,
				C17B383C1DB38545009D4ED6 /* Model */,
				C17B38411DB385E7009D4ED6 /* GCDBlackBox.swift */,
			);
			path = "On The Map";
			sourceTree = "<group>";
		};
		C17B383C1DB38545009D4ED6 /* Model */ = {
			isa = PBXGroup;
			children = (
				C17B38431DB39E33009D4ED6 /* Clients */,
			);
			name = Model;
			sourceTree = "<group>";
		};
		C17B383D1DB3854A009D4ED6 /* View */ = {
			isa = PBXGroup;
			children = (
			);
			name = View;
			sourceTree = "<group>";
		};
		C17B383E1DB38550009D4ED6 /* Controller */ = {
			isa = PBXGroup;
			children = (
				C17B382C1DB3832F009D4ED6 /* LoginViewController.swift */,
				C142239D1DBA479800D946E8 /* MapViewController.swift */,
			);
			name = Controller;
			sourceTree = "<group>";
		};
		C17B383F1DB385A4009D4ED6 /* Assets */ = {
			isa = PBXGroup;
			children = (
				C17B382E1DB3832F009D4ED6 /* Main.storyboard */,
				C17B38311DB3832F009D4ED6 /* Assets.xcassets */,
				C17B38331DB3832F009D4ED6 /* LaunchScreen.storyboard */,
			);
			name = Assets;
			sourceTree = "<group>";
		};
		C17B38401DB385B9009D4ED6 /* Supporting Files */ = {
			isa = PBXGroup;
			children = (
				C17B38361DB3832F009D4ED6 /* Info.plist */,
			);
			name = "Supporting Files";
			sourceTree = "<group>";
		};
		C17B38431DB39E33009D4ED6 /* Clients */ = {
			isa = PBXGroup;
			children = (
				C17B384B1DB3D89A009D4ED6 /* Udacity */,
				C17B38441DB39E39009D4ED6 /* Parse */,
			);
			name = Clients;
			sourceTree = "<group>";
		};
		C17B38441DB39E39009D4ED6 /* Parse */ = {
			isa = PBXGroup;
			children = (
				C17B38451DB39E4D009D4ED6 /* ParseConstants.swift */,
				C17B38471DB39F38009D4ED6 /* StudentLocation.swift */,
				C17B38491DB3A529009D4ED6 /* ParseClient.swift */,
			);
			name = Parse;
			sourceTree = "<group>";
		};
		C17B384B1DB3D89A009D4ED6 /* Udacity */ = {
			isa = PBXGroup;
			children = (
				C17B384C1DB3D8AC009D4ED6 /* UdacityConstants.swift */,
				C17B384E1DB3D8BD009D4ED6 /* UdacityClient.swift */,
				C17B38501DB3E92D009D4ED6 /* UdacityConvenience.swift */,
			);
			name = Udacity;
			sourceTree = "<group>";
		};
/* End PBXGroup section */

/* Begin PBXNativeTarget section */
		C17B38261DB3832F009D4ED6 /* On The Map */ = {
			isa = PBXNativeTarget;
			buildConfigurationList = C17B38391DB3832F009D4ED6 /* Build configuration list for PBXNativeTarget "On The Map" */;
			buildPhases = (
				C17B38231DB3832F009D4ED6 /* Sources */,
				C17B38241DB3832F009D4ED6 /* Frameworks */,
				C17B38251DB3832F009D4ED6 /* Resources */,
			);
			buildRules = (
			);
			dependencies = (
			);
			name = "On The Map";
			productName = "On The Map";
			productReference = C17B38271DB3832F009D4ED6 /* On The Map.app */;
			productType = "com.apple.product-type.application";
		};
/* End PBXNativeTarget section */

/* Begin PBXProject section */
		C17B381F1DB3832F009D4ED6 /* Project object */ = {
			isa = PBXProject;
			attributes = {
				LastSwiftUpdateCheck = 0800;
				LastUpgradeCheck = 0800;
				ORGANIZATIONNAME = "Ajay Mann";
				TargetAttributes = {
					C17B38261DB3832F009D4ED6 = {
						CreatedOnToolsVersion = 8.0;
						DevelopmentTeam = A26X592M5J;
						ProvisioningStyle = Automatic;
					};
				};
			};
			buildConfigurationList = C17B38221DB3832F009D4ED6 /* Build configuration list for PBXProject "On The Map" */;
			compatibilityVersion = "Xcode 3.2";
			developmentRegion = English;
			hasScannedForEncodings = 0;
			knownRegions = (
				en,
				Base,
			);
			mainGroup = C17B381E1DB3832F009D4ED6;
			productRefGroup = C17B38281DB3832F009D4ED6 /* Products */;
			projectDirPath = "";
			projectRoot = "";
			targets = (
				C17B38261DB3832F009D4ED6 /* On The Map */,
			);
		};
/* End PBXProject section */

/* Begin PBXResourcesBuildPhase section */
		C17B38251DB3832F009D4ED6 /* Resources */ = {
			isa = PBXResourcesBuildPhase;
			buildActionMask = 2147483647;
			files = (
				C17B38351DB3832F009D4ED6 /* LaunchScreen.storyboard in Resources */,
				C17B38321DB3832F009D4ED6 /* Assets.xcassets in Resources */,
				C17B38301DB3832F009D4ED6 /* Main.storyboard in Resources */,
			);
			runOnlyForDeploymentPostprocessing = 0;
		};
/* End PBXResourcesBuildPhase section */

/* Begin PBXSourcesBuildPhase section */
		C17B38231DB3832F009D4ED6 /* Sources */ = {
			isa = PBXSourcesBuildPhase;
			buildActionMask = 2147483647;
			files = (
				C17B384F1DB3D8BD009D4ED6 /* UdacityClient.swift in Sources */,
				C17B384A1DB3A529009D4ED6 /* ParseClient.swift in Sources */,
				C17B38511DB3E92D009D4ED6 /* UdacityConvenience.swift in Sources */,
				C142239E1DBA479800D946E8 /* MapViewController.swift in Sources */,
				C17B384D1DB3D8AC009D4ED6 /* UdacityConstants.swift in Sources */,
				C17B382D1DB3832F009D4ED6 /* LoginViewController.swift in Sources */,
				C17B38421DB385E7009D4ED6 /* GCDBlackBox.swift in Sources */,
				C17B382B1DB3832F009D4ED6 /* AppDelegate.swift in Sources */,
				C17B38481DB39F38009D4ED6 /* StudentLocation.swift in Sources */,
				C17B38461DB39E4D009D4ED6 /* ParseConstants.swift in Sources */,
			);
			runOnlyForDeploymentPostprocessing = 0;
		};
/* End PBXSourcesBuildPhase section */

/* Begin PBXVariantGroup section */
		C17B382E1DB3832F009D4ED6 /* Main.storyboard */ = {
			isa = PBXVariantGroup;
			children = (
				C17B382F1DB3832F009D4ED6 /* Base */,
			);
			name = Main.storyboard;
			sourceTree = "<group>";
		};
		C17B38331DB3832F009D4ED6 /* LaunchScreen.storyboard */ = {
			isa = PBXVariantGroup;
			children = (
				C17B38341DB3832F009D4ED6 /* Base */,
			);
			name = LaunchScreen.storyboard;
			sourceTree = "<group>";
		};
/* End PBXVariantGroup section */

/* Begin XCBuildConfiguration section */
		C17B38371DB3832F009D4ED6 /* Debug */ = {
			isa = XCBuildConfiguration;
			buildSettings = {
				ALWAYS_SEARCH_USER_PATHS = NO;
				CLANG_ANALYZER_NONNULL = YES;
				CLANG_CXX_LANGUAGE_STANDARD = "gnu++0x";
				CLANG_CXX_LIBRARY = "libc++";
				CLANG_ENABLE_MODULES = YES;
				CLANG_ENABLE_OBJC_ARC = YES;
				CLANG_WARN_BOOL_CONVERSION = YES;
				CLANG_WARN_CONSTANT_CONVERSION = YES;
				CLANG_WARN_DIRECT_OBJC_ISA_USAGE = YES_ERROR;
				CLANG_WARN_DOCUMENTATION_COMMENTS = YES;
				CLANG_WARN_EMPTY_BODY = YES;
				CLANG_WARN_ENUM_CONVERSION = YES;
				CLANG_WARN_INFINITE_RECURSION = YES;
				CLANG_WARN_INT_CONVERSION = YES;
				CLANG_WARN_OBJC_ROOT_CLASS = YES_ERROR;
				CLANG_WARN_SUSPICIOUS_MOVES = YES;
				CLANG_WARN_UNREACHABLE_CODE = YES;
				CLANG_WARN__DUPLICATE_METHOD_MATCH = YES;
				"CODE_SIGN_IDENTITY[sdk=iphoneos*]" = "iPhone Developer";
				COPY_PHASE_STRIP = NO;
				DEBUG_INFORMATION_FORMAT = dwarf;
				ENABLE_STRICT_OBJC_MSGSEND = YES;
				ENABLE_TESTABILITY = YES;
				GCC_C_LANGUAGE_STANDARD = gnu99;
				GCC_DYNAMIC_NO_PIC = NO;
				GCC_NO_COMMON_BLOCKS = YES;
				GCC_OPTIMIZATION_LEVEL = 0;
				GCC_PREPROCESSOR_DEFINITIONS = (
					"DEBUG=1",
					"$(inherited)",
				);
				GCC_WARN_64_TO_32_BIT_CONVERSION = YES;
				GCC_WARN_ABOUT_RETURN_TYPE = YES_ERROR;
				GCC_WARN_UNDECLARED_SELECTOR = YES;
				GCC_WARN_UNINITIALIZED_AUTOS = YES_AGGRESSIVE;
				GCC_WARN_UNUSED_FUNCTION = YES;
				GCC_WARN_UNUSED_VARIABLE = YES;
				IPHONEOS_DEPLOYMENT_TARGET = 10.0;
				MTL_ENABLE_DEBUG_INFO = YES;
				ONLY_ACTIVE_ARCH = YES;
				SDKROOT = iphoneos;
				SWIFT_ACTIVE_COMPILATION_CONDITIONS = DEBUG;
				SWIFT_OPTIMIZATION_LEVEL = "-Onone";
				TARGETED_DEVICE_FAMILY = "1,2";
			};
			name = Debug;
		};
		C17B38381DB3832F009D4ED6 /* Release */ = {
			isa = XCBuildConfiguration;
			buildSettings = {
				ALWAYS_SEARCH_USER_PATHS = NO;
				CLANG_ANALYZER_NONNULL = YES;
				CLANG_CXX_LANGUAGE_STANDARD = "gnu++0x";
				CLANG_CXX_LIBRARY = "libc++";
				CLANG_ENABLE_MODULES = YES;
				CLANG_ENABLE_OBJC_ARC = YES;
				CLANG_WARN_BOOL_CONVERSION = YES;
				CLANG_WARN_CONSTANT_CONVERSION = YES;
				CLANG_WARN_DIRECT_OBJC_ISA_USAGE = YES_ERROR;
				CLANG_WARN_DOCUMENTATION_COMMENTS = YES;
				CLANG_WARN_EMPTY_BODY = YES;
				CLANG_WARN_ENUM_CONVERSION = YES;
				CLANG_WARN_INFINITE_RECURSION = YES;
				CLANG_WARN_INT_CONVERSION = YES;
				CLANG_WARN_OBJC_ROOT_CLASS = YES_ERROR;
				CLANG_WARN_SUSPICIOUS_MOVES = YES;
				CLANG_WARN_UNREACHABLE_CODE = YES;
				CLANG_WARN__DUPLICATE_METHOD_MATCH = YES;
				"CODE_SIGN_IDENTITY[sdk=iphoneos*]" = "iPhone Developer";
				COPY_PHASE_STRIP = NO;
				DEBUG_INFORMATION_FORMAT = "dwarf-with-dsym";
				ENABLE_NS_ASSERTIONS = NO;
				ENABLE_STRICT_OBJC_MSGSEND = YES;
				GCC_C_LANGUAGE_STANDARD = gnu99;
				GCC_NO_COMMON_BLOCKS = YES;
				GCC_WARN_64_TO_32_BIT_CONVERSION = YES;
				GCC_WARN_ABOUT_RETURN_TYPE = YES_ERROR;
				GCC_WARN_UNDECLARED_SELECTOR = YES;
				GCC_WARN_UNINITIALIZED_AUTOS = YES_AGGRESSIVE;
				GCC_WARN_UNUSED_FUNCTION = YES;
				GCC_WARN_UNUSED_VARIABLE = YES;
				IPHONEOS_DEPLOYMENT_TARGET = 10.0;
				MTL_ENABLE_DEBUG_INFO = NO;
				SDKROOT = iphoneos;
				SWIFT_OPTIMIZATION_LEVEL = "-Owholemodule";
				TARGETED_DEVICE_FAMILY = "1,2";
				VALIDATE_PRODUCT = YES;
			};
			name = Release;
		};
		C17B383A1DB3832F009D4ED6 /* Debug */ = {
			isa = XCBuildConfiguration;
			buildSettings = {
				ASSETCATALOG_COMPILER_APPICON_NAME = AppIcon;
				DEVELOPMENT_TEAM = A26X592M5J;
				INFOPLIST_FILE = "On The Map/Info.plist";
				LD_RUNPATH_SEARCH_PATHS = "$(inherited) @executable_path/Frameworks";
				PRODUCT_BUNDLE_IDENTIFIER = "xyz.ajaymann.On-The-Map";
				PRODUCT_NAME = "$(TARGET_NAME)";
				SWIFT_VERSION = 3.0;
				TARGETED_DEVICE_FAMILY = "1,2";
			};
			name = Debug;
		};
		C17B383B1DB3832F009D4ED6 /* Release */ = {
			isa = XCBuildConfiguration;
			buildSettings = {
				ASSETCATALOG_COMPILER_APPICON_NAME = AppIcon;
				DEVELOPMENT_TEAM = A26X592M5J;
				INFOPLIST_FILE = "On The Map/Info.plist";
				LD_RUNPATH_SEARCH_PATHS = "$(inherited) @executable_path/Frameworks";
				PRODUCT_BUNDLE_IDENTIFIER = "xyz.ajaymann.On-The-Map";
				PRODUCT_NAME = "$(TARGET_NAME)";
				SWIFT_VERSION = 3.0;
				TARGETED_DEVICE_FAMILY = "1,2";
			};
			name = Release;
		};
/* End XCBuildConfiguration section */

/* Begin XCConfigurationList section */
		C17B38221DB3832F009D4ED6 /* Build configuration list for PBXProject "On The Map" */ = {
			isa = XCConfigurationList;
			buildConfigurations = (
				C17B38371DB3832F009D4ED6 /* Debug */,
				C17B38381DB3832F009D4ED6 /* Release */,
			);
			defaultConfigurationIsVisible = 0;
			defaultConfigurationName = Release;
		};
		C17B38391DB3832F009D4ED6 /* Build configuration list for PBXNativeTarget "On The Map" */ = {
			isa = XCConfigurationList;
			buildConfigurations = (
				C17B383A1DB3832F009D4ED6 /* Debug */,
				C17B383B1DB3832F009D4ED6 /* Release */,
			);
			defaultConfigurationIsVisible = 0;
			defaultConfigurationName = Release;
		};
/* End XCConfigurationList section */
	};
	rootObject = C17B381F1DB3832F009D4ED6 /* Project object */;
}
